
Microsoft Visual Studio Solution File, Format Version 12.00
# Visual Studio Version 17
VisualStudioVersion = 17.4.33213.308
MinimumVisualStudioVersion = 10.0.40219.1
Project("{888888A0-9F3D-457C-B088-3A5042F75D52}") = "bb_0904", "bb_0904\bb_0904.pyproj", "{AB559D20-A3EF-44E7-A778-DAD55D85B18A}"
EndProject
Global
	GlobalSection(SolutionConfigurationPlatforms) = preSolution
		Debug|Any CPU = Debug|Any CPU
		Release|Any CPU = Release|Any CPU
	EndGlobalSection
	GlobalSection(ProjectConfigurationPlatforms) = postSolution
		{AB559D20-A3EF-44E7-A778-DAD55D85B18A}.Debug|Any CPU.ActiveCfg = Debug|Any CPU
		{AB559D20-A3EF-44E7-A778-DAD55D85B18A}.Release|Any CPU.ActiveCfg = Release|Any CPU
	EndGlobalSection
	GlobalSection(SolutionProperties) = preSolution
		HideSolutionNode = FALSE
	EndGlobalSection
	GlobalSection(ExtensibilityGlobals) = postSolution
		SolutionGuid = {3611FB10-CACF-4936-95C3-FEE428CE4F3D}
	EndGlobalSection
EndGlobal
